Microsoft Visual Studio Solution File, Format Version 12.00
# Visual Studio 2012
Project("{FAE04EC0-301F-11D3-BF4B-00C04F79EFBC}") = "Schematron", "Schematron\Schematron.csproj", "{DB7369F1-69CF-4821-98E3-9D6422A7CC36}"
EndProject
Project("{2150E333-8FDC-42A3-9474-1A3956D46DE8}") = "doc", "doc", "{CEE7139C-CEDE-4967-825B-CC6DC0188685}"
	ProjectSection(SolutionItems) = preProject
		..\doc\Findings.doc = ..\doc\Findings.doc
		..\doc\Notes.txt = ..\doc\Notes.txt
		..\doc\Schematron.xml = ..\doc\Schematron.xml
	EndProjectSection
EndProject
Project("{FAE04EC0-301F-11D3-BF4B-00C04F79EFBC}") = "Schematron.WebServices", "Schematron.WebServices\Schematron.WebServices.csproj", "{D55599AF-DA8B-4FFE-8F99-C2A2DCEE45EC}"
EndProject
Project("{2150E333-8FDC-42A3-9474-1A3956D46DE8}") = "build", "build", "{494E6692-1CC3-4DBE-BF35-09E356E52608}"
	ProjectSection(SolutionItems) = preProject
		..\build.cmd = ..\build.cmd
		..\build.proj = ..\build.proj
		Schematron.nuspec = Schematron.nuspec
		..\VERSION = ..\VERSION
	EndProjectSection
EndProject
Project("{FAE04EC0-301F-11D3-BF4B-00C04F79EFBC}") = "Schematron.Tests", "Schematron.Tests\Schematron.Tests.csproj", "{0CE72032-070F-479E-8ADD-4C04AE53C1B6}"
EndProject
Global
	GlobalSection(SolutionConfigurationPlatforms) = preSolution
		Debug|Any CPU = Debug|Any CPU
		Release|Any CPU = Release|Any CPU
	EndGlobalSection
	GlobalSection(ProjectConfigurationPlatforms) = postSolution
		{DB7369F1-69CF-4821-98E3-9D6422A7CC36}.Debug|Any CPU.ActiveCfg = Debug|Any CPU
		{DB7369F1-69CF-4821-98E3-9D6422A7CC36}.Debug|Any CPU.Build.0 = Debug|Any CPU
		{DB7369F1-69CF-4821-98E3-9D6422A7CC36}.Release|Any CPU.ActiveCfg = Release|Any CPU
		{DB7369F1-69CF-4821-98E3-9D6422A7CC36}.Release|Any CPU.Build.0 = Release|Any CPU
		{D55599AF-DA8B-4FFE-8F99-C2A2DCEE45EC}.Debug|Any CPU.ActiveCfg = Debug|Any CPU
		{D55599AF-DA8B-4FFE-8F99-C2A2DCEE45EC}.Debug|Any CPU.Build.0 = Debug|Any CPU
		{D55599AF-DA8B-4FFE-8F99-C2A2DCEE45EC}.Release|Any CPU.ActiveCfg = Release|Any CPU
		{D55599AF-DA8B-4FFE-8F99-C2A2DCEE45EC}.Release|Any CPU.Build.0 = Release|Any CPU
		{0CE72032-070F-479E-8ADD-4C04AE53C1B6}.Debug|Any CPU.ActiveCfg = Debug|Any CPU
		{0CE72032-070F-479E-8ADD-4C04AE53C1B6}.Debug|Any CPU.Build.0 = Debug|Any CPU
		{0CE72032-070F-479E-8ADD-4C04AE53C1B6}.Release|Any CPU.ActiveCfg = Release|Any CPU
		{0CE72032-070F-479E-8ADD-4C04AE53C1B6}.Release|Any CPU.Build.0 = Release|Any CPU
	EndGlobalSection
	GlobalSection(SolutionProperties) = preSolution
		HideSolutionNode = FALSE
	EndGlobalSection
EndGlobal
